// !$*UTF8*$!
{
	archiveVersion = 1;
	classes = {
	};
	objectVersion = 55;
	objects = {

/* Begin PBXBuildFile section */
		4B131FE7286F83ED002EE98F /* AppDelegate.swift in Sources */ = {isa = PBXBuildFile; fileRef = 4B131FE6286F83ED002EE98F /* AppDelegate.swift */; };
		4B131FE9286F83ED002EE98F /* SceneDelegate.swift in Sources */ = {isa = PBXBuildFile; fileRef = 4B131FE8286F83ED002EE98F /* SceneDelegate.swift */; };
		4B131FEB286F83ED002EE98F /* ListViewController.swift in Sources */ = {isa = PBXBuildFile; fileRef = 4B131FEA286F83ED002EE98F /* ListViewController.swift */; };
		4B131FEE286F83ED002EE98F /* Main.storyboard in Resources */ = {isa = PBXBuildFile; fileRef = 4B131FEC286F83ED002EE98F /* Main.storyboard */; };
		4B131FF1286F83ED002EE98F /* Breed.xcdatamodeld in Sources */ = {isa = PBXBuildFile; fileRef = 4B131FEF286F83ED002EE98F /* Breed.xcdatamodeld */; };
		4B131FF3286F83EF002EE98F /* Assets.xcassets in Resources */ = {isa = PBXBuildFile; fileRef = 4B131FF2286F83EF002EE98F /* Assets.xcassets */; };
		4B131FF6286F83EF002EE98F /* LaunchScreen.storyboard in Resources */ = {isa = PBXBuildFile; fileRef = 4B131FF4286F83EF002EE98F /* LaunchScreen.storyboard */; };
		4B131FFE286F877B002EE98F /* BreedViewController.swift in Sources */ = {isa = PBXBuildFile; fileRef = 4B131FFD286F877B002EE98F /* BreedViewController.swift */; };
		4B132001286F87BA002EE98F /* SDWebImage in Frameworks */ = {isa = PBXBuildFile; productRef = 4B132000286F87BA002EE98F /* SDWebImage */; };
		4B132003286F881E002EE98F /* ImageViewController.swift in Sources */ = {isa = PBXBuildFile; fileRef = 4B132002286F881E002EE98F /* ImageViewController.swift */; };
		4B132023286F9B26002EE98F /* Response.swift in Sources */ = {isa = PBXBuildFile; fileRef = 4B132022286F9B26002EE98F /* Response.swift */; };
		4B132026286F9EBF002EE98F /* Alamofire in Frameworks */ = {isa = PBXBuildFile; productRef = 4B132025286F9EBF002EE98F /* Alamofire */; };
		4B1371192871CCF200D8FF8A /* Breed.swift in Sources */ = {isa = PBXBuildFile; fileRef = 4B1371182871CCF200D8FF8A /* Breed.swift */; };
/* End PBXBuildFile section */

/* Begin PBXFileReference section */
		4B131FE3286F83ED002EE98F /* Breed.app */ = {isa = PBXFileReference; explicitFileType = wrapper.application; includeInIndex = 0; path = Breed.app; sourceTree = BUILT_PRODUCTS_DIR; };
		4B131FE6286F83ED002EE98F /* AppDelegate.swift */ = {isa = PBXFileReference; lastKnownFileType = sourcecode.swift; path = AppDelegate.swift; sourceTree = "<group>"; };
		4B131FE8286F83ED002EE98F /* SceneDelegate.swift */ = {isa = PBXFileReference; lastKnownFileType = sourcecode.swift; path = SceneDelegate.swift; sourceTree = "<group>"; };
		4B131FEA286F83ED002EE98F /* ListViewController.swift */ = {isa = PBXFileReference; lastKnownFileType = sourcecode.swift; path = ListViewController.swift; sourceTree = "<group>"; };
		4B131FED286F83ED002EE98F /* Base */ = {isa = PBXFileReference; lastKnownFileType = file.storyboard; name = Base; path = Base.lproj/Main.storyboard; sourceTree = "<group>"; };
		4B131FF0286F83ED002EE98F /* Breed.xcdatamodel */ = {isa = PBXFileReference; lastKnownFileType = wrapper.xcdatamodel; path = Breed.xcdatamodel; sourceTree = "<group>"; };
		4B131FF2286F83EF002EE98F /* Assets.xcassets */ = {isa = PBXFileReference; lastKnownFileType = folder.assetcatalog; path = Assets.xcassets; sourceTree = "<group>"; };
		4B131FF5286F83EF002EE98F /* Base */ = {isa = PBXFileReference; lastKnownFileType = file.storyboard; name = Base; path = Base.lproj/LaunchScreen.storyboard; sourceTree = "<group>"; };
		4B131FF7286F83EF002EE98F /* Info.plist */ = {isa = PBXFileReference; lastKnownFileType = text.plist.xml; path = Info.plist; sourceTree = "<group>"; };
		4B131FFD286F877B002EE98F /* BreedViewController.swift */ = {isa = PBXFileReference; lastKnownFileType = sourcecode.swift; path = BreedViewController.swift; sourceTree = "<group>"; };
		4B132002286F881E002EE98F /* ImageViewController.swift */ = {isa = PBXFileReference; lastKnownFileType = sourcecode.swift; path = ImageViewController.swift; sourceTree = "<group>"; };
		4B132022286F9B26002EE98F /* Response.swift */ = {isa = PBXFileReference; lastKnownFileType = sourcecode.swift; path = Response.swift; sourceTree = "<group>"; };
		4B1371182871CCF200D8FF8A /* Breed.swift */ = {isa = PBXFileReference; lastKnownFileType = sourcecode.swift; path = Breed.swift; sourceTree = "<group>"; };
/* End PBXFileReference section */

/* Begin PBXFrameworksBuildPhase section */
		4B131FE0286F83ED002EE98F /* Frameworks */ = {
			isa = PBXFrameworksBuildPhase;
			buildActionMask = 2147483647;
			files = (
				4B132001286F87BA002EE98F /* SDWebImage in Frameworks */,
				4B132026286F9EBF002EE98F /* Alamofire in Frameworks */,
			);
			runOnlyForDeploymentPostprocessing = 0;
		};
/* End PBXFrameworksBuildPhase section */

/* Begin PBXGroup section */
		4B131FDA286F83ED002EE98F = {
			isa = PBXGroup;
			children = (
				4B131FE5286F83ED002EE98F /* Breed */,
				4B131FE4286F83ED002EE98F /* Products */,
			);
			sourceTree = "<group>";
		};
		4B131FE4286F83ED002EE98F /* Products */ = {
			isa = PBXGroup;
			children = (
				4B131FE3286F83ED002EE98F /* Breed.app */,
			);
			name = Products;
			sourceTree = "<group>";
		};
		4B131FE5286F83ED002EE98F /* Breed */ = {
			isa = PBXGroup;
			children = (
				4B132005286F8B37002EE98F /* Model */,
				4B132006286F8B3F002EE98F /* Controller */,
				4B131FE6286F83ED002EE98F /* AppDelegate.swift */,
				4B131FE8286F83ED002EE98F /* SceneDelegate.swift */,
				4B131FEC286F83ED002EE98F /* Main.storyboard */,
				4B131FF4286F83EF002EE98F /* LaunchScreen.storyboard */,
				4B131FF2286F83EF002EE98F /* Assets.xcassets */,
				4B131FF7286F83EF002EE98F /* Info.plist */,
				4B131FEF286F83ED002EE98F /* Breed.xcdatamodeld */,
			);
			path = Breed;
			sourceTree = "<group>";
		};
		4B132005286F8B37002EE98F /* Model */ = {
			isa = PBXGroup;
			children = (
				4B132022286F9B26002EE98F /* Response.swift */,
				4B1371182871CCF200D8FF8A /* Breed.swift */,
			);
			path = Model;
			sourceTree = "<group>";
		};
		4B132006286F8B3F002EE98F /* Controller */ = {
			isa = PBXGroup;
			children = (
				4B131FEA286F83ED002EE98F /* ListViewController.swift */,
				4B131FFD286F877B002EE98F /* BreedViewController.swift */,
				4B132002286F881E002EE98F /* ImageViewController.swift */,
			);
			path = Controller;
			sourceTree = "<group>";
		};
/* End PBXGroup section */

/* Begin PBXNativeTarget section */
		4B131FE2286F83ED002EE98F /* Breed */ = {
			isa = PBXNativeTarget;
			buildConfigurationList = 4B131FFA286F83EF002EE98F /* Build configuration list for PBXNativeTarget "Breed" */;
			buildPhases = (
				4B131FDF286F83ED002EE98F /* Sources */,
				4B131FE0286F83ED002EE98F /* Frameworks */,
				4B131FE1286F83ED002EE98F /* Resources */,
			);
			buildRules = (
			);
			dependencies = (
			);
			name = Breed;
			packageProductDependencies = (
				4B132000286F87BA002EE98F /* SDWebImage */,
				4B132025286F9EBF002EE98F /* Alamofire */,
			);
			productName = Breed;
			productReference = 4B131FE3286F83ED002EE98F /* Breed.app */;
			productType = "com.apple.product-type.application";
		};
/* End PBXNativeTarget section */

/* Begin PBXProject section */
		4B131FDB286F83ED002EE98F /* Project object */ = {
			isa = PBXProject;
			attributes = {
				BuildIndependentTargetsInParallel = 1;
				LastSwiftUpdateCheck = 1330;
				LastUpgradeCheck = 1330;
				TargetAttributes = {
					4B131FE2286F83ED002EE98F = {
						CreatedOnToolsVersion = 13.3.1;
					};
				};
			};
			buildConfigurationList = 4B131FDE286F83ED002EE98F /* Build configuration list for PBXProject "Breed" */;
			compatibilityVersion = "Xcode 13.0";
			developmentRegion = en;
			hasScannedForEncodings = 0;
			knownRegions = (
				en,
				Base,
			);
			mainGroup = 4B131FDA286F83ED002EE98F;
			packageReferences = (
				4B131FFF286F87BA002EE98F /* XCRemoteSwiftPackageReference "SDWebImage" */,
				4B132024286F9EBF002EE98F /* XCRemoteSwiftPackageReference "Alamofire" */,
			);
			productRefGroup = 4B131FE4286F83ED002EE98F /* Products */;
			projectDirPath = "";
			projectRoot = "";
			targets = (
				4B131FE2286F83ED002EE98F /* Breed */,
			);
		};
/* End PBXProject section */

/* Begin PBXResourcesBuildPhase section */
		4B131FE1286F83ED002EE98F /* Resources */ = {
			isa = PBXResourcesBuildPhase;
			buildActionMask = 2147483647;
			files = (
				4B131FF6286F83EF002EE98F /* LaunchScreen.storyboard in Resources */,
				4B131FF3286F83EF002EE98F /* Assets.xcassets in Resources */,
				4B131FEE286F83ED002EE98F /* Main.storyboard in Resources */,
			);
			runOnlyForDeploymentPostprocessing = 0;
		};
/* End PBXResourcesBuildPhase section */

/* Begin PBXSourcesBuildPhase section */
		4B131FDF286F83ED002EE98F /* Sources */ = {
			isa = PBXSourcesBuildPhase;
			buildActionMask = 2147483647;
			files = (
				4B1371192871CCF200D8FF8A /* Breed.swift in Sources */,
				4B131FF1286F83ED002EE98F /* Breed.xcdatamodeld in Sources */,
				4B131FEB286F83ED002EE98F /* ListViewController.swift in Sources */,
				4B131FE7286F83ED002EE98F /* AppDelegate.swift in Sources */,
				4B131FFE286F877B002EE98F /* BreedViewController.swift in Sources */,
				4B132003286F881E002EE98F /* ImageViewController.swift in Sources */,
				4B131FE9286F83ED002EE98F /* SceneDelegate.swift in Sources */,
				4B132023286F9B26002EE98F /* Response.swift in Sources */,
			);
			runOnlyForDeploymentPostprocessing = 0;
		};
/* End PBXSourcesBuildPhase section */

/* Begin PBXVariantGroup section */
		4B131FEC286F83ED002EE98F /* Main.storyboard */ = {
			isa = PBXVariantGroup;
			children = (
				4B131FED286F83ED002EE98F /* Base */,
			);
			name = Main.storyboard;
			sourceTree = "<group>";
		};
		4B131FF4286F83EF002EE98F /* LaunchScreen.storyboard */ = {
			isa = PBXVariantGroup;
			children = (
				4B131FF5286F83EF002EE98F /* Base */,
			);
			name = LaunchScreen.storyboard;
			sourceTree = "<group>";
		};
/* End PBXVariantGroup section */

/* Begin XCBuildConfiguration section */
		4B131FF8286F83EF002EE98F /* Debug */ = {
			isa = XCBuildConfiguration;
			buildSettings = {
				ALWAYS_SEARCH_USER_PATHS = NO;
				CLANG_ANALYZER_NONNULL = YES;
				CLANG_ANALYZER_NUMBER_OBJECT_CONVERSION = YES_AGGRESSIVE;
				CLANG_CXX_LANGUAGE_STANDARD = "gnu++17";
				CLANG_ENABLE_MODULES = YES;
				CLANG_ENABLE_OBJC_ARC = YES;
				CLANG_ENABLE_OBJC_WEAK = YES;
				CLANG_WARN_BLOCK_CAPTURE_AUTORELEASING = YES;
				CLANG_WARN_BOOL_CONVERSION = YES;
				CLANG_WARN_COMMA = YES;
				CLANG_WARN_CONSTANT_CONVERSION = YES;
				CLANG_WARN_DEPRECATED_OBJC_IMPLEMENTATIONS = YES;
				CLANG_WARN_DIRECT_OBJC_ISA_USAGE = YES_ERROR;
				CLANG_WARN_DOCUMENTATION_COMMENTS = YES;
				CLANG_WARN_EMPTY_BODY = YES;
				CLANG_WARN_ENUM_CONVERSION = YES;
				CLANG_WARN_INFINITE_RECURSION = YES;
				CLANG_WARN_INT_CONVERSION = YES;
				CLANG_WARN_NON_LITERAL_NULL_CONVERSION = YES;
				CLANG_WARN_OBJC_IMPLICIT_RETAIN_SELF = YES;
				CLANG_WARN_OBJC_LITERAL_CONVERSION = YES;
				CLANG_WARN_OBJC_ROOT_CLASS = YES_ERROR;
				CLANG_WARN_QUOTED_INCLUDE_IN_FRAMEWORK_HEADER = YES;
				CLANG_WARN_RANGE_LOOP_ANALYSIS = YES;
				CLANG_WARN_STRICT_PROTOTYPES = YES;
				CLANG_WARN_SUSPICIOUS_MOVE = YES;
				CLANG_WARN_UNGUARDED_AVAILABILITY = YES_AGGRESSIVE;
				CLANG_WARN_UNREACHABLE_CODE = YES;
				CLANG_WARN__DUPLICATE_METHOD_MATCH = YES;
				COPY_PHASE_STRIP = NO;
				DEBUG_INFORMATION_FORMAT = dwarf;
				ENABLE_STRICT_OBJC_MSGSEND = YES;
				ENABLE_TESTABILITY = YES;
				GCC_C_LANGUAGE_STANDARD = gnu11;
				GCC_DYNAMIC_NO_PIC = NO;
				GCC_NO_COMMON_BLOCKS = YES;
				GCC_OPTIMIZATION_LEVEL = 0;
				GCC_PREPROCESSOR_DEFINITIONS = (
					"DEBUG=1",
					"$(inherited)",
				);
				GCC_WARN_64_TO_32_BIT_CONVERSION = YES;
				GCC_WARN_ABOUT_RETURN_TYPE = YES_ERROR;
				GCC_WARN_UNDECLARED_SELECTOR = YES;
				GCC_WARN_UNINITIALIZED_AUTOS = YES_AGGRESSIVE;
				GCC_WARN_UNUSED_FUNCTION = YES;
				GCC_WARN_UNUSED_VARIABLE = YES;
				IPHONEOS_DEPLOYMENT_TARGET = 15.4;
				MTL_ENABLE_DEBUG_INFO = INCLUDE_SOURCE;
				MTL_FAST_MATH = YES;
				ONLY_ACTIVE_ARCH = YES;
				SDKROOT = iphoneos;
				SWIFT_ACTIVE_COMPILATION_CONDITIONS = DEBUG;
				SWIFT_OPTIMIZATION_LEVEL = "-Onone";
			};
			name = Debug;
		};
		4B131FF9286F83EF002EE98F /* Release */ = {
			isa = XCBuildConfiguration;
			buildSettings = {
				ALWAYS_SEARCH_USER_PATHS = NO;
				CLANG_ANALYZER_NONNULL = YES;
				CLANG_ANALYZER_NUMBER_OBJECT_CONVERSION = YES_AGGRESSIVE;
				CLANG_CXX_LANGUAGE_STANDARD = "gnu++17";
				CLANG_ENABLE_MODULES = YES;
				CLANG_ENABLE_OBJC_ARC = YES;
				CLANG_ENABLE_OBJC_WEAK = YES;
				CLANG_WARN_BLOCK_CAPTURE_AUTORELEASING = YES;
				CLANG_WARN_BOOL_CONVERSION = YES;
				CLANG_WARN_COMMA = YES;
				CLANG_WARN_CONSTANT_CONVERSION = YES;
				CLANG_WARN_DEPRECATED_OBJC_IMPLEMENTATIONS = YES;
				CLANG_WARN_DIRECT_OBJC_ISA_USAGE = YES_ERROR;
				CLANG_WARN_DOCUMENTATION_COMMENTS = YES;
				CLANG_WARN_EMPTY_BODY = YES;
				CLANG_WARN_ENUM_CONVERSION = YES;
				CLANG_WARN_INFINITE_RECURSION = YES;
				CLANG_WARN_INT_CONVERSION = YES;
				CLANG_WARN_NON_LITERAL_NULL_CONVERSION = YES;
				CLANG_WARN_OBJC_IMPLICIT_RETAIN_SELF = YES;
				CLANG_WARN_OBJC_LITERAL_CONVERSION = YES;
				CLANG_WARN_OBJC_ROOT_CLASS = YES_ERROR;
				CLANG_WARN_QUOTED_INCLUDE_IN_FRAMEWORK_HEADER = YES;
				CLANG_WARN_RANGE_LOOP_ANALYSIS = YES;
				CLANG_WARN_STRICT_PROTOTYPES = YES;
				CLANG_WARN_SUSPICIOUS_MOVE = YES;
				CLANG_WARN_UNGUARDED_AVAILABILITY = YES_AGGRESSIVE;
				CLANG_WARN_UNREACHABLE_CODE = YES;
				CLANG_WARN__DUPLICATE_METHOD_MATCH = YES;
				COPY_PHASE_STRIP = NO;
				DEBUG_INFORMATION_FORMAT = "dwarf-with-dsym";
				ENABLE_NS_ASSERTIONS = NO;
				ENABLE_STRICT_OBJC_MSGSEND = YES;
				GCC_C_LANGUAGE_STANDARD = gnu11;
				GCC_NO_COMMON_BLOCKS = YES;
				GCC_WARN_64_TO_32_BIT_CONVERSION = YES;
				GCC_WARN_ABOUT_RETURN_TYPE = YES_ERROR;
				GCC_WARN_UNDECLARED_SELECTOR = YES;
				GCC_WARN_UNINITIALIZED_AUTOS = YES_AGGRESSIVE;
				GCC_WARN_UNUSED_FUNCTION = YES;
				GCC_WARN_UNUSED_VARIABLE = YES;
				IPHONEOS_DEPLOYMENT_TARGET = 15.4;
				MTL_ENABLE_DEBUG_INFO = NO;
				MTL_FAST_MATH = YES;
				SDKROOT = iphoneos;
				SWIFT_COMPILATION_MODE = wholemodule;
				SWIFT_OPTIMIZATION_LEVEL = "-O";
				VALIDATE_PRODUCT = YES;
			};
			name = Release;
		};
		4B131FFB286F83EF002EE98F /* Debug */ = {
			isa = XCBuildConfiguration;
			buildSettings = {
				ASSETCATALOG_COMPILER_APPICON_NAME = AppIcon;
				ASSETCATALOG_COMPILER_GLOBAL_ACCENT_COLOR_NAME = AccentColor;
				CODE_SIGN_STYLE = Automatic;
				CURRENT_PROJECT_VERSION = 1;
				GENERATE_INFOPLIST_FILE = YES;
				INFOPLIST_FILE = Breed/Info.plist;
				INFOPLIST_KEY_UIApplicationSupportsIndirectInputEvents = YES;
				INFOPLIST_KEY_UILaunchStoryboardName = LaunchScreen;
				INFOPLIST_KEY_UIMainStoryboardFile = Main;
				INFOPLIST_KEY_UISupportedInterfaceOrientations_iPad = "UIInterfaceOrientationPortrait UIInterfaceOrientationPortraitUpsideDown UIInterfaceOrientationLandscapeLeft UIInterfaceOrientationLandscapeRight";
				INFOPLIST_KEY_UISupportedInterfaceOrientations_iPhone = "UIInterfaceOrientationPortrait UIInterfaceOrientationLandscapeLeft UIInterfaceOrientationLandscapeRight";
				LD_RUNPATH_SEARCH_PATHS = (
					"$(inherited)",
					"@executable_path/Frameworks",
				);
				MARKETING_VERSION = 1.0;
				PRODUCT_BUNDLE_IDENTIFIER = fr.dog.Breed;
				PRODUCT_NAME = "$(TARGET_NAME)";
				SWIFT_EMIT_LOC_STRINGS = YES;
				SWIFT_VERSION = 5.0;
				TARGETED_DEVICE_FAMILY = "1,2";
			};
			name = Debug;
		};
		4B131FFC286F83EF002EE98F /* Release */ = {
			isa = XCBuildConfiguration;
			buildSettings = {
				ASSETCATALOG_COMPILER_APPICON_NAME = AppIcon;
				ASSETCATALOG_COMPILER_GLOBAL_ACCENT_COLOR_NAME = AccentColor;
				CODE_SIGN_STYLE = Automatic;
				CURRENT_PROJECT_VERSION = 1;
				GENERATE_INFOPLIST_FILE = YES;
				INFOPLIST_FILE = Breed/Info.plist;
				INFOPLIST_KEY_UIApplicationSupportsIndirectInputEvents = YES;
				INFOPLIST_KEY_UILaunchStoryboardName = LaunchScreen;
				INFOPLIST_KEY_UIMainStoryboardFile = Main;
				INFOPLIST_KEY_UISupportedInterfaceOrientations_iPad = "UIInterfaceOrientationPortrait UIInterfaceOrientationPortraitUpsideDown UIInterfaceOrientationLandscapeLeft UIInterfaceOrientationLandscapeRight";
				INFOPLIST_KEY_UISupportedInterfaceOrientations_iPhone = "UIInterfaceOrientationPortrait UIInterfaceOrientationLandscapeLeft UIInterfaceOrientationLandscapeRight";
				LD_RUNPATH_SEARCH_PATHS = (
					"$(inherited)",
					"@executable_path/Frameworks",
				);
				MARKETING_VERSION = 1.0;
				PRODUCT_BUNDLE_IDENTIFIER = fr.dog.Breed;
				PRODUCT_NAME = "$(TARGET_NAME)";
				SWIFT_EMIT_LOC_STRINGS = YES;
				SWIFT_VERSION = 5.0;
				TARGETED_DEVICE_FAMILY = "1,2";
			};
			name = Release;
		};
/* End XCBuildConfiguration section */

/* Begin XCConfigurationList section */
		4B131FDE286F83ED002EE98F /* Build configuration list for PBXProject "Breed" */ = {
			isa = XCConfigurationList;
			buildConfigurations = (
				4B131FF8286F83EF002EE98F /* Debug */,
				4B131FF9286F83EF002EE98F /* Release */,
			);
			defaultConfigurationIsVisible = 0;
			defaultConfigurationName = Release;
		};
		4B131FFA286F83EF002EE98F /* Build configuration list for PBXNativeTarget "Breed" */ = {
			isa = XCConfigurationList;
			buildConfigurations = (
				4B131FFB286F83EF002EE98F /* Debug */,
				4B131FFC286F83EF002EE98F /* Release */,
			);
			defaultConfigurationIsVisible = 0;
			defaultConfigurationName = Release;
		};
/* End XCConfigurationList section */

/* Begin XCRemoteSwiftPackageReference section */
		4B131FFF286F87BA002EE98F /* XCRemoteSwiftPackageReference "SDWebImage" */ = {
			isa = XCRemoteSwiftPackageReference;
			repositoryURL = "https://github.com/SDWebImage/SDWebImage";
			requirement = {
				kind = upToNextMajorVersion;
				minimumVersion = 5.0.0;
			};
		};
		4B132024286F9EBF002EE98F /* XCRemoteSwiftPackageReference "Alamofire" */ = {
			isa = XCRemoteSwiftPackageReference;
			repositoryURL = "https://github.com/Alamofire/Alamofire";
			requirement = {
				kind = upToNextMajorVersion;
				minimumVersion = 5.0.0;
			};
		};
/* End XCRemoteSwiftPackageReference section */

/* Begin XCSwiftPackageProductDependency section */
		4B132000286F87BA002EE98F /* SDWebImage */ = {
			isa = XCSwiftPackageProductDependency;
			package = 4B131FFF286F87BA002EE98F /* XCRemoteSwiftPackageReference "SDWebImage" */;
			productName = SDWebImage;
		};
		4B132025286F9EBF002EE98F /* Alamofire */ = {
			isa = XCSwiftPackageProductDependency;
			package = 4B132024286F9EBF002EE98F /* XCRemoteSwiftPackageReference "Alamofire" */;
			productName = Alamofire;
		};
/* End XCSwiftPackageProductDependency section */

/* Begin XCVersionGroup section */
		4B131FEF286F83ED002EE98F /* Breed.xcdatamodeld */ = {
			isa = XCVersionGroup;
			children = (
				4B131FF0286F83ED002EE98F /* Breed.xcdatamodel */,
			);
			currentVersion = 4B131FF0286F83ED002EE98F /* Breed.xcdatamodel */;
			path = Breed.xcdatamodeld;
			sourceTree = "<group>";
			versionGroupType = wrapper.xcdatamodel;
		};
/* End XCVersionGroup section */
	};
	rootObject = 4B131FDB286F83ED002EE98F /* Project object */;
}
